
Microsoft Visual Studio Solution File, Format Version 12.00
# Visual Studio Version 17
VisualStudioVersion = 17.14.36511.14 d17.14
MinimumVisualStudioVersion = 10.0.40219.1
Project("{FAE04EC0-301F-11D3-BF4B-00C04F79EFBC}") = "ConsoleApp1", "ConsoleApp1\ConsoleApp1.csproj", "{A217D6F6-F1F4-4975-91D4-1D0EAE7DCBAE}"
EndProject
Global
	GlobalSection(SolutionConfigurationPlatforms) = preSolution
		Debug|Any CPU = Debug|Any CPU
		Release|Any CPU = Release|Any CPU
	EndGlobalSection
	GlobalSection(ProjectConfigurationPlatforms) = postSolution
		{A217D6F6-F1F4-4975-91D4-1D0EAE7DCBAE}.Debug|Any CPU.ActiveCfg = Debug|Any CPU
		{A217D6F6-F1F4-4975-91D4-1D0EAE7DCBAE}.Debug|Any CPU.Build.0 = Debug|Any CPU
		{A217D6F6-F1F4-4975-91D4-1D0EAE7DCBAE}.Release|Any CPU.ActiveCfg = Release|Any CPU
		{A217D6F6-F1F4-4975-91D4-1D0EAE7DCBAE}.Release|Any CPU.Build.0 = Release|Any CPU
	EndGlobalSection
	GlobalSection(SolutionProperties) = preSolution
		HideSolutionNode = FALSE
	EndGlobalSection
	GlobalSection(ExtensibilityGlobals) = postSolution
		SolutionGuid = {2AEC7E7E-D4CE-41DE-AC45-4330A8372249}
	EndGlobalSection
EndGlobal
